
Microsoft Visual Studio Solution File, Format Version 12.00
# Visual Studio 15
VisualStudioVersion = 15.0.26730.16
MinimumVisualStudioVersion = 10.0.40219.1
Project("{FAE04EC0-301F-11D3-BF4B-00C04F79EFBC}") = "CircleArea", "CircleArea\CircleArea.csproj", "{64BA8E24-B02F-485A-8148-584B98646447}"
EndProject
Project("{FAE04EC0-301F-11D3-BF4B-00C04F79EFBC}") = "AverageNumber", "AverageNumber\AverageNumber.csproj", "{133B608F-4BDA-4A4E-9769-A900A085AC7E}"
EndProject
Project("{FAE04EC0-301F-11D3-BF4B-00C04F79EFBC}") = "PiggyBank", "PiggyBank\PiggyBank.csproj", "{C774B32B-FA79-4FDB-8FD3-6F3513383119}"
EndProject
Project("{FAE04EC0-301F-11D3-BF4B-00C04F79EFBC}") = "Calculator", "Calculator\Calculator.csproj", "{EC52B2D0-FBA4-4171-97CD-515BCA9DD65E}"
EndProject
Global
	GlobalSection(SolutionConfigurationPlatforms) = preSolution
		Debug|Any CPU = Debug|Any CPU
		Release|Any CPU = Release|Any CPU
	EndGlobalSection
	GlobalSection(ProjectConfigurationPlatforms) = postSolution
		{64BA8E24-B02F-485A-8148-584B98646447}.Debug|Any CPU.ActiveCfg = Debug|Any CPU
		{64BA8E24-B02F-485A-8148-584B98646447}.Debug|Any CPU.Build.0 = Debug|Any CPU
		{64BA8E24-B02F-485A-8148-584B98646447}.Release|Any CPU.ActiveCfg = Release|Any CPU
		{64BA8E24-B02F-485A-8148-584B98646447}.Release|Any CPU.Build.0 = Release|Any CPU
		{133B608F-4BDA-4A4E-9769-A900A085AC7E}.Debug|Any CPU.ActiveCfg = Debug|Any CPU
		{133B608F-4BDA-4A4E-9769-A900A085AC7E}.Debug|Any CPU.Build.0 = Debug|Any CPU
		{133B608F-4BDA-4A4E-9769-A900A085AC7E}.Release|Any CPU.ActiveCfg = Release|Any CPU
		{133B608F-4BDA-4A4E-9769-A900A085AC7E}.Release|Any CPU.Build.0 = Release|Any CPU
		{C774B32B-FA79-4FDB-8FD3-6F3513383119}.Debug|Any CPU.ActiveCfg = Debug|Any CPU
		{C774B32B-FA79-4FDB-8FD3-6F3513383119}.Debug|Any CPU.Build.0 = Debug|Any CPU
		{C774B32B-FA79-4FDB-8FD3-6F3513383119}.Release|Any CPU.ActiveCfg = Release|Any CPU
		{C774B32B-FA79-4FDB-8FD3-6F3513383119}.Release|Any CPU.Build.0 = Release|Any CPU
		{EC52B2D0-FBA4-4171-97CD-515BCA9DD65E}.Debug|Any CPU.ActiveCfg = Debug|Any CPU
		{EC52B2D0-FBA4-4171-97CD-515BCA9DD65E}.Debug|Any CPU.Build.0 = Debug|Any CPU
		{EC52B2D0-FBA4-4171-97CD-515BCA9DD65E}.Release|Any CPU.ActiveCfg = Release|Any CPU
		{EC52B2D0-FBA4-4171-97CD-515BCA9DD65E}.Release|Any CPU.Build.0 = Release|Any CPU
	EndGlobalSection
	GlobalSection(SolutionProperties) = preSolution
		HideSolutionNode = FALSE
	EndGlobalSection
	GlobalSection(ExtensibilityGlobals) = postSolution
		SolutionGuid = {6D2E8B3D-E258-4587-8691-65BDBC04EDB9}
	EndGlobalSection
EndGlobal
